
Microsoft Visual Studio Solution File, Format Version 12.00
# Visual Studio Version 17
VisualStudioVersion = 17.13.35828.75 d17.13
MinimumVisualStudioVersion = 10.0.40219.1
Project("{FAE04EC0-301F-11D3-BF4B-00C04F79EFBC}") = "Noah's Party Pack", "Noah's Party Pack\Noah's Party Pack.csproj", "{92684684-42DF-4E06-A042-33EC765DA05D}"
EndProject
Global
	GlobalSection(SolutionConfigurationPlatforms) = preSolution
		Debug|Any CPU = Debug|Any CPU
		Release|Any CPU = Release|Any CPU
	EndGlobalSection
	GlobalSection(ProjectConfigurationPlatforms) = postSolution
		{92684684-42DF-4E06-A042-33EC765DA05D}.Debug|Any CPU.ActiveCfg = Debug|Any CPU
		{92684684-42DF-4E06-A042-33EC765DA05D}.Debug|Any CPU.Build.0 = Debug|Any CPU
		{92684684-42DF-4E06-A042-33EC765DA05D}.Release|Any CPU.ActiveCfg = Release|Any CPU
		{92684684-42DF-4E06-A042-33EC765DA05D}.Release|Any CPU.Build.0 = Release|Any CPU
	EndGlobalSection
	GlobalSection(SolutionProperties) = preSolution
		HideSolutionNode = FALSE
	EndGlobalSection
	GlobalSection(ExtensibilityGlobals) = postSolution
		SolutionGuid = {6E064AE5-BA14-4695-893D-68775D299B6E}
	EndGlobalSection
EndGlobal
